{
  "name": "hitung_nilai",
  "version": "1.0.0",
  "lockfileVersion": 3,
  "requires": true,
  "packages": {
    "": {
      "name": "hitung_nilai",
      "version": "1.0.0",
      "license": "ISC",
      "dependencies": {
        "hitung_nilai": "file:../GUIDED.md"
      }
    },
    "../GUIDED.md": {
      "name": "hitung_nilai",
      "version": "1.0.0",
      "license": "ISC"
    },
    "node_modules/hitung_nilai": {
      "resolved": "../GUIDED.md",
      "link": true
    }
  }
}
